// !$*UTF8*$!
{
	archiveVersion = 1;
	classes = {
	};
	objectVersion = 50;
	objects = {

/* Begin PBXBuildFile section */
		9B7F0FF5252ACF3E00E0A00F /* AppDelegate.swift in Sources */ = {isa = PBXBuildFile; fileRef = 9B7F0FF4252ACF3E00E0A00F /* AppDelegate.swift */; };
		9B7F0FFC252ACF3E00E0A00F /* Main.storyboard in Resources */ = {isa = PBXBuildFile; fileRef = 9B7F0FFA252ACF3E00E0A00F /* Main.storyboard */; };
		9B7F0FFE252ACF3F00E0A00F /* Assets.xcassets in Resources */ = {isa = PBXBuildFile; fileRef = 9B7F0FFD252ACF3F00E0A00F /* Assets.xcassets */; };
		9B7F1001252ACF3F00E0A00F /* LaunchScreen.storyboard in Resources */ = {isa = PBXBuildFile; fileRef = 9B7F0FFF252ACF3F00E0A00F /* LaunchScreen.storyboard */; };
		9B7F1011252AD02100E0A00F /* MAServiceProvider.swift in Sources */ = {isa = PBXBuildFile; fileRef = 9B7F1010252AD02100E0A00F /* MAServiceProvider.swift */; };
		9B7F1017252AD31500E0A00F /* TestServiceProviderViewController.swift in Sources */ = {isa = PBXBuildFile; fileRef = 9B7F1016252AD31500E0A00F /* TestServiceProviderViewController.swift */; };
		9B7F101A252AE82100E0A00F /* Response.swift in Sources */ = {isa = PBXBuildFile; fileRef = 9B7F1019252AE82100E0A00F /* Response.swift */; };
/* End PBXBuildFile section */

/* Begin PBXFileReference section */
		9B7F0FF1252ACF3E00E0A00F /* MANetworkServiceProvider.app */ = {isa = PBXFileReference; explicitFileType = wrapper.application; includeInIndex = 0; path = MANetworkServiceProvider.app; sourceTree = BUILT_PRODUCTS_DIR; };
		9B7F0FF4252ACF3E00E0A00F /* AppDelegate.swift */ = {isa = PBXFileReference; lastKnownFileType = sourcecode.swift; path = AppDelegate.swift; sourceTree = "<group>"; };
		9B7F0FFB252ACF3E00E0A00F /* Base */ = {isa = PBXFileReference; lastKnownFileType = file.storyboard; name = Base; path = Base.lproj/Main.storyboard; sourceTree = "<group>"; };
		9B7F0FFD252ACF3F00E0A00F /* Assets.xcassets */ = {isa = PBXFileReference; lastKnownFileType = folder.assetcatalog; path = Assets.xcassets; sourceTree = "<group>"; };
		9B7F1000252ACF3F00E0A00F /* Base */ = {isa = PBXFileReference; lastKnownFileType = file.storyboard; name = Base; path = Base.lproj/LaunchScreen.storyboard; sourceTree = "<group>"; };
		9B7F1002252ACF3F00E0A00F /* Info.plist */ = {isa = PBXFileReference; lastKnownFileType = text.plist.xml; path = Info.plist; sourceTree = "<group>"; };
		9B7F1010252AD02100E0A00F /* MAServiceProvider.swift */ = {isa = PBXFileReference; lastKnownFileType = sourcecode.swift; path = MAServiceProvider.swift; sourceTree = "<group>"; };
		9B7F1016252AD31500E0A00F /* TestServiceProviderViewController.swift */ = {isa = PBXFileReference; lastKnownFileType = sourcecode.swift; path = TestServiceProviderViewController.swift; sourceTree = "<group>"; };
		9B7F1019252AE82100E0A00F /* Response.swift */ = {isa = PBXFileReference; lastKnownFileType = sourcecode.swift; path = Response.swift; sourceTree = "<group>"; };
/* End PBXFileReference section */

/* Begin PBXFrameworksBuildPhase section */
		9B7F0FEE252ACF3D00E0A00F /* Frameworks */ = {
			isa = PBXFrameworksBuildPhase;
			buildActionMask = 2147483647;
			files = (
			);
			runOnlyForDeploymentPostprocessing = 0;
		};
/* End PBXFrameworksBuildPhase section */

/* Begin PBXGroup section */
		9B7F0FE8252ACF3D00E0A00F = {
			isa = PBXGroup;
			children = (
				9B7F0FF3252ACF3E00E0A00F /* MANetworkServiceProvider */,
				9B7F0FF2252ACF3E00E0A00F /* Products */,
			);
			sourceTree = "<group>";
		};
		9B7F0FF2252ACF3E00E0A00F /* Products */ = {
			isa = PBXGroup;
			children = (
				9B7F0FF1252ACF3E00E0A00F /* MANetworkServiceProvider.app */,
			);
			name = Products;
			sourceTree = "<group>";
		};
		9B7F0FF3252ACF3E00E0A00F /* MANetworkServiceProvider */ = {
			isa = PBXGroup;
			children = (
				9B7F100F252ACFE700E0A00F /* ServiceProvider */,
				9B7F1014252AD04900E0A00F /* Controller */,
				9B7F100A252ACF7400E0A00F /* Supporting File */,
				9B7F100D252ACF9500E0A00F /* View */,
				9B7F100E252ACF9F00E0A00F /* Resources */,
				9B7F1002252ACF3F00E0A00F /* Info.plist */,
			);
			path = MANetworkServiceProvider;
			sourceTree = "<group>";
		};
		9B7F100A252ACF7400E0A00F /* Supporting File */ = {
			isa = PBXGroup;
			children = (
				9B7F0FF4252ACF3E00E0A00F /* AppDelegate.swift */,
			);
			path = "Supporting File";
			sourceTree = "<group>";
		};
		9B7F100D252ACF9500E0A00F /* View */ = {
			isa = PBXGroup;
			children = (
				9B7F0FFA252ACF3E00E0A00F /* Main.storyboard */,
			);
			path = View;
			sourceTree = "<group>";
		};
		9B7F100E252ACF9F00E0A00F /* Resources */ = {
			isa = PBXGroup;
			children = (
				9B7F0FFD252ACF3F00E0A00F /* Assets.xcassets */,
				9B7F0FFF252ACF3F00E0A00F /* LaunchScreen.storyboard */,
			);
			path = Resources;
			sourceTree = "<group>";
		};
		9B7F100F252ACFE700E0A00F /* ServiceProvider */ = {
			isa = PBXGroup;
			children = (
				9B7F1010252AD02100E0A00F /* MAServiceProvider.swift */,
				9B7F1019252AE82100E0A00F /* Response.swift */,
			);
			path = ServiceProvider;
			sourceTree = "<group>";
		};
		9B7F1014252AD04900E0A00F /* Controller */ = {
			isa = PBXGroup;
			children = (
				9B7F1016252AD31500E0A00F /* TestServiceProviderViewController.swift */,
			);
			path = Controller;
			sourceTree = "<group>";
		};
/* End PBXGroup section */

/* Begin PBXNativeTarget section */
		9B7F0FF0252ACF3D00E0A00F /* MANetworkServiceProvider */ = {
			isa = PBXNativeTarget;
			buildConfigurationList = 9B7F1005252ACF3F00E0A00F /* Build configuration list for PBXNativeTarget "MANetworkServiceProvider" */;
			buildPhases = (
				9B7F0FED252ACF3D00E0A00F /* Sources */,
				9B7F0FEE252ACF3D00E0A00F /* Frameworks */,
				9B7F0FEF252ACF3D00E0A00F /* Resources */,
			);
			buildRules = (
			);
			dependencies = (
			);
			name = MANetworkServiceProvider;
			productName = MANetworkServiceProvider;
			productReference = 9B7F0FF1252ACF3E00E0A00F /* MANetworkServiceProvider.app */;
			productType = "com.apple.product-type.application";
		};
/* End PBXNativeTarget section */

/* Begin PBXProject section */
		9B7F0FE9252ACF3D00E0A00F /* Project object */ = {
			isa = PBXProject;
			attributes = {
				LastSwiftUpdateCheck = 1200;
				LastUpgradeCheck = 1200;
				TargetAttributes = {
					9B7F0FF0252ACF3D00E0A00F = {
						CreatedOnToolsVersion = 12.0.1;
					};
				};
			};
			buildConfigurationList = 9B7F0FEC252ACF3D00E0A00F /* Build configuration list for PBXProject "MANetworkServiceProvider" */;
			compatibilityVersion = "Xcode 9.3";
			developmentRegion = en;
			hasScannedForEncodings = 0;
			knownRegions = (
				en,
				Base,
			);
			mainGroup = 9B7F0FE8252ACF3D00E0A00F;
			productRefGroup = 9B7F0FF2252ACF3E00E0A00F /* Products */;
			projectDirPath = "";
			projectRoot = "";
			targets = (
				9B7F0FF0252ACF3D00E0A00F /* MANetworkServiceProvider */,
			);
		};
/* End PBXProject section */

/* Begin PBXResourcesBuildPhase section */
		9B7F0FEF252ACF3D00E0A00F /* Resources */ = {
			isa = PBXResourcesBuildPhase;
			buildActionMask = 2147483647;
			files = (
				9B7F1001252ACF3F00E0A00F /* LaunchScreen.storyboard in Resources */,
				9B7F0FFE252ACF3F00E0A00F /* Assets.xcassets in Resources */,
				9B7F0FFC252ACF3E00E0A00F /* Main.storyboard in Resources */,
			);
			runOnlyForDeploymentPostprocessing = 0;
		};
/* End PBXResourcesBuildPhase section */

/* Begin PBXSourcesBuildPhase section */
		9B7F0FED252ACF3D00E0A00F /* Sources */ = {
			isa = PBXSourcesBuildPhase;
			buildActionMask = 2147483647;
			files = (
				9B7F101A252AE82100E0A00F /* Response.swift in Sources */,
				9B7F1011252AD02100E0A00F /* MAServiceProvider.swift in Sources */,
				9B7F1017252AD31500E0A00F /* TestServiceProviderViewController.swift in Sources */,
				9B7F0FF5252ACF3E00E0A00F /* AppDelegate.swift in Sources */,
			);
			runOnlyForDeploymentPostprocessing = 0;
		};
/* End PBXSourcesBuildPhase section */

/* Begin PBXVariantGroup section */
		9B7F0FFA252ACF3E00E0A00F /* Main.storyboard */ = {
			isa = PBXVariantGroup;
			children = (
				9B7F0FFB252ACF3E00E0A00F /* Base */,
			);
			name = Main.storyboard;
			sourceTree = "<group>";
		};
		9B7F0FFF252ACF3F00E0A00F /* LaunchScreen.storyboard */ = {
			isa = PBXVariantGroup;
			children = (
				9B7F1000252ACF3F00E0A00F /* Base */,
			);
			name = LaunchScreen.storyboard;
			sourceTree = "<group>";
		};
/* End PBXVariantGroup section */

/* Begin XCBuildConfiguration section */
		9B7F1003252ACF3F00E0A00F /* Debug */ = {
			isa = XCBuildConfiguration;
			buildSettings = {
				ALWAYS_SEARCH_USER_PATHS = NO;
				CLANG_ANALYZER_NONNULL = YES;
				CLANG_ANALYZER_NUMBER_OBJECT_CONVERSION = YES_AGGRESSIVE;
				CLANG_CXX_LANGUAGE_STANDARD = "gnu++14";
				CLANG_CXX_LIBRARY = "libc++";
				CLANG_ENABLE_MODULES = YES;
				CLANG_ENABLE_OBJC_ARC = YES;
				CLANG_ENABLE_OBJC_WEAK = YES;
				CLANG_WARN_BLOCK_CAPTURE_AUTORELEASING = YES;
				CLANG_WARN_BOOL_CONVERSION = YES;
				CLANG_WARN_COMMA = YES;
				CLANG_WARN_CONSTANT_CONVERSION = YES;
				CLANG_WARN_DEPRECATED_OBJC_IMPLEMENTATIONS = YES;
				CLANG_WARN_DIRECT_OBJC_ISA_USAGE = YES_ERROR;
				CLANG_WARN_DOCUMENTATION_COMMENTS = YES;
				CLANG_WARN_EMPTY_BODY = YES;
				CLANG_WARN_ENUM_CONVERSION = YES;
				CLANG_WARN_INFINITE_RECURSION = YES;
				CLANG_WARN_INT_CONVERSION = YES;
				CLANG_WARN_NON_LITERAL_NULL_CONVERSION = YES;
				CLANG_WARN_OBJC_IMPLICIT_RETAIN_SELF = YES;
				CLANG_WARN_OBJC_LITERAL_CONVERSION = YES;
				CLANG_WARN_OBJC_ROOT_CLASS = YES_ERROR;
				CLANG_WARN_QUOTED_INCLUDE_IN_FRAMEWORK_HEADER = YES;
				CLANG_WARN_RANGE_LOOP_ANALYSIS = YES;
				CLANG_WARN_STRICT_PROTOTYPES = YES;
				CLANG_WARN_SUSPICIOUS_MOVE = YES;
				CLANG_WARN_UNGUARDED_AVAILABILITY = YES_AGGRESSIVE;
				CLANG_WARN_UNREACHABLE_CODE = YES;
				CLANG_WARN__DUPLICATE_METHOD_MATCH = YES;
				COPY_PHASE_STRIP = NO;
				DEBUG_INFORMATION_FORMAT = dwarf;
				ENABLE_STRICT_OBJC_MSGSEND = YES;
				ENABLE_TESTABILITY = YES;
				GCC_C_LANGUAGE_STANDARD = gnu11;
				GCC_DYNAMIC_NO_PIC = NO;
				GCC_NO_COMMON_BLOCKS = YES;
				GCC_OPTIMIZATION_LEVEL = 0;
				GCC_PREPROCESSOR_DEFINITIONS = (
					"DEBUG=1",
					"$(inherited)",
				);
				GCC_WARN_64_TO_32_BIT_CONVERSION = YES;
				GCC_WARN_ABOUT_RETURN_TYPE = YES_ERROR;
				GCC_WARN_UNDECLARED_SELECTOR = YES;
				GCC_WARN_UNINITIALIZED_AUTOS = YES_AGGRESSIVE;
				GCC_WARN_UNUSED_FUNCTION = YES;
				GCC_WARN_UNUSED_VARIABLE = YES;
				IPHONEOS_DEPLOYMENT_TARGET = 14.0;
				MTL_ENABLE_DEBUG_INFO = INCLUDE_SOURCE;
				MTL_FAST_MATH = YES;
				ONLY_ACTIVE_ARCH = YES;
				SDKROOT = iphoneos;
				SWIFT_ACTIVE_COMPILATION_CONDITIONS = DEBUG;
				SWIFT_OPTIMIZATION_LEVEL = "-Onone";
			};
			name = Debug;
		};
		9B7F1004252ACF3F00E0A00F /* Release */ = {
			isa = XCBuildConfiguration;
			buildSettings = {
				ALWAYS_SEARCH_USER_PATHS = NO;
				CLANG_ANALYZER_NONNULL = YES;
				CLANG_ANALYZER_NUMBER_OBJECT_CONVERSION = YES_AGGRESSIVE;
				CLANG_CXX_LANGUAGE_STANDARD = "gnu++14";
				CLANG_CXX_LIBRARY = "libc++";
				CLANG_ENABLE_MODULES = YES;
				CLANG_ENABLE_OBJC_ARC = YES;
				CLANG_ENABLE_OBJC_WEAK = YES;
				CLANG_WARN_BLOCK_CAPTURE_AUTORELEASING = YES;
				CLANG_WARN_BOOL_CONVERSION = YES;
				CLANG_WARN_COMMA = YES;
				CLANG_WARN_CONSTANT_CONVERSION = YES;
				CLANG_WARN_DEPRECATED_OBJC_IMPLEMENTATIONS = YES;
				CLANG_WARN_DIRECT_OBJC_ISA_USAGE = YES_ERROR;
				CLANG_WARN_DOCUMENTATION_COMMENTS = YES;
				CLANG_WARN_EMPTY_BODY = YES;
				CLANG_WARN_ENUM_CONVERSION = YES;
				CLANG_WARN_INFINITE_RECURSION = YES;
				CLANG_WARN_INT_CONVERSION = YES;
				CLANG_WARN_NON_LITERAL_NULL_CONVERSION = YES;
				CLANG_WARN_OBJC_IMPLICIT_RETAIN_SELF = YES;
				CLANG_WARN_OBJC_LITERAL_CONVERSION = YES;
				CLANG_WARN_OBJC_ROOT_CLASS = YES_ERROR;
				CLANG_WARN_QUOTED_INCLUDE_IN_FRAMEWORK_HEADER = YES;
				CLANG_WARN_RANGE_LOOP_ANALYSIS = YES;
				CLANG_WARN_STRICT_PROTOTYPES = YES;
				CLANG_WARN_SUSPICIOUS_MOVE = YES;
				CLANG_WARN_UNGUARDED_AVAILABILITY = YES_AGGRESSIVE;
				CLANG_WARN_UNREACHABLE_CODE = YES;
				CLANG_WARN__DUPLICATE_METHOD_MATCH = YES;
				COPY_PHASE_STRIP = NO;
				DEBUG_INFORMATION_FORMAT = "dwarf-with-dsym";
				ENABLE_NS_ASSERTIONS = NO;
				ENABLE_STRICT_OBJC_MSGSEND = YES;
				GCC_C_LANGUAGE_STANDARD = gnu11;
				GCC_NO_COMMON_BLOCKS = YES;
				GCC_WARN_64_TO_32_BIT_CONVERSION = YES;
				GCC_WARN_ABOUT_RETURN_TYPE = YES_ERROR;
				GCC_WARN_UNDECLARED_SELECTOR = YES;
				GCC_WARN_UNINITIALIZED_AUTOS = YES_AGGRESSIVE;
				GCC_WARN_UNUSED_FUNCTION = YES;
				GCC_WARN_UNUSED_VARIABLE = YES;
				IPHONEOS_DEPLOYMENT_TARGET = 14.0;
				MTL_ENABLE_DEBUG_INFO = NO;
				MTL_FAST_MATH = YES;
				SDKROOT = iphoneos;
				SWIFT_COMPILATION_MODE = wholemodule;
				SWIFT_OPTIMIZATION_LEVEL = "-O";
				VALIDATE_PRODUCT = YES;
			};
			name = Release;
		};
		9B7F1006252ACF3F00E0A00F /* Debug */ = {
			isa = XCBuildConfiguration;
			buildSettings = {
				ASSETCATALOG_COMPILER_APPICON_NAME = AppIcon;
				ASSETCATALOG_COMPILER_GLOBAL_ACCENT_COLOR_NAME = AccentColor;
				CODE_SIGN_STYLE = Automatic;
				DEVELOPMENT_TEAM = NUV73DSTTT;
				INFOPLIST_FILE = MANetworkServiceProvider/Info.plist;
				LD_RUNPATH_SEARCH_PATHS = (
					"$(inherited)",
					"@executable_path/Frameworks",
				);
				PRODUCT_BUNDLE_IDENTIFIER = com.rolewithvirtualization.MANetworkServiceProvider;
				PRODUCT_NAME = "$(TARGET_NAME)";
				SWIFT_VERSION = 5.0;
				TARGETED_DEVICE_FAMILY = "1,2";
			};
			name = Debug;
		};
		9B7F1007252ACF3F00E0A00F /* Release */ = {
			isa = XCBuildConfiguration;
			buildSettings = {
				ASSETCATALOG_COMPILER_APPICON_NAME = AppIcon;
				ASSETCATALOG_COMPILER_GLOBAL_ACCENT_COLOR_NAME = AccentColor;
				CODE_SIGN_STYLE = Automatic;
				DEVELOPMENT_TEAM = NUV73DSTTT;
				INFOPLIST_FILE = MANetworkServiceProvider/Info.plist;
				LD_RUNPATH_SEARCH_PATHS = (
					"$(inherited)",
					"@executable_path/Frameworks",
				);
				PRODUCT_BUNDLE_IDENTIFIER = com.rolewithvirtualization.MANetworkServiceProvider;
				PRODUCT_NAME = "$(TARGET_NAME)";
				SWIFT_VERSION = 5.0;
				TARGETED_DEVICE_FAMILY = "1,2";
			};
			name = Release;
		};
/* End XCBuildConfiguration section */

/* Begin XCConfigurationList section */
		9B7F0FEC252ACF3D00E0A00F /* Build configuration list for PBXProject "MANetworkServiceProvider" */ = {
			isa = XCConfigurationList;
			buildConfigurations = (
				9B7F1003252ACF3F00E0A00F /* Debug */,
				9B7F1004252ACF3F00E0A00F /* Release */,
			);
			defaultConfigurationIsVisible = 0;
			defaultConfigurationName = Release;
		};
		9B7F1005252ACF3F00E0A00F /* Build configuration list for PBXNativeTarget "MANetworkServiceProvider" */ = {
			isa = XCConfigurationList;
			buildConfigurations = (
				9B7F1006252ACF3F00E0A00F /* Debug */,
				9B7F1007252ACF3F00E0A00F /* Release */,
			);
			defaultConfigurationIsVisible = 0;
			defaultConfigurationName = Release;
		};
/* End XCConfigurationList section */
	};
	rootObject = 9B7F0FE9252ACF3D00E0A00F /* Project object */;
}
